
Microsoft Visual Studio Solution File, Format Version 12.00
# Visual Studio Version 16
VisualStudioVersion = 16.0.30225.117
MinimumVisualStudioVersion = 10.0.40219.1
Project("{9A19103F-16F7-4668-BE54-9A1E7A4F7556}") = "MatrixHierarchy", "MatrixHierarchy\MatrixHierarchy.csproj", "{2C4B6343-972B-48AA-B49D-BEE62C40EC5F}"
EndProject
Project("{FAE04EC0-301F-11D3-BF4B-00C04F79EFBC}") = "MatrixHierarchyTest", "MatrixHierarchyTest\MatrixHierarchyTest.csproj", "{282A13B4-72EA-486C-A7A2-43B7DDDAAD54}"
EndProject
Global
	GlobalSection(SolutionConfigurationPlatforms) = preSolution
		Debug|Any CPU = Debug|Any CPU
		Release|Any CPU = Release|Any CPU
	EndGlobalSection
	GlobalSection(ProjectConfigurationPlatforms) = postSolution
		{2C4B6343-972B-48AA-B49D-BEE62C40EC5F}.Debug|Any CPU.ActiveCfg = Debug|Any CPU
		{2C4B6343-972B-48AA-B49D-BEE62C40EC5F}.Debug|Any CPU.Build.0 = Debug|Any CPU
		{2C4B6343-972B-48AA-B49D-BEE62C40EC5F}.Release|Any CPU.ActiveCfg = Release|Any CPU
		{2C4B6343-972B-48AA-B49D-BEE62C40EC5F}.Release|Any CPU.Build.0 = Release|Any CPU
		{282A13B4-72EA-486C-A7A2-43B7DDDAAD54}.Debug|Any CPU.ActiveCfg = Debug|Any CPU
		{282A13B4-72EA-486C-A7A2-43B7DDDAAD54}.Debug|Any CPU.Build.0 = Debug|Any CPU
		{282A13B4-72EA-486C-A7A2-43B7DDDAAD54}.Release|Any CPU.ActiveCfg = Release|Any CPU
		{282A13B4-72EA-486C-A7A2-43B7DDDAAD54}.Release|Any CPU.Build.0 = Release|Any CPU
	EndGlobalSection
	GlobalSection(SolutionProperties) = preSolution
		HideSolutionNode = FALSE
	EndGlobalSection
	GlobalSection(ExtensibilityGlobals) = postSolution
		SolutionGuid = {19D3DB1F-F388-4D4F-BB4B-20EC76BEAEEB}
	EndGlobalSection
EndGlobal
